
Microsoft Visual Studio Solution File, Format Version 12.00
# Visual Studio 2012
Project("{FAE04EC0-301F-11D3-BF4B-00C04F79EFBC}") = "MvcAppCustomDeploy", "MvcAppCustomDeploy\MvcAppCustomDeploy.csproj", "{F1ED4A06-A80C-4817-85D6-05D85B7011A9}"
EndProject
Project("{2150E333-8FDC-42A3-9474-1A3956D46DE8}") = ".nuget", ".nuget", "{50433FF4-3CAC-45B6-AFA8-2C4BB3400D74}"
	ProjectSection(SolutionItems) = preProject
		.nuget\NuGet.Config = .nuget\NuGet.Config
		.nuget\NuGet.exe = .nuget\NuGet.exe
		.nuget\NuGet.targets = .nuget\NuGet.targets
	EndProjectSection
EndProject
Global
	GlobalSection(SolutionConfigurationPlatforms) = preSolution
		Debug|Any CPU = Debug|Any CPU
		Release|Any CPU = Release|Any CPU
	EndGlobalSection
	GlobalSection(ProjectConfigurationPlatforms) = postSolution
		{F1ED4A06-A80C-4817-85D6-05D85B7011A9}.Debug|Any CPU.ActiveCfg = Debug|Any CPU
		{F1ED4A06-A80C-4817-85D6-05D85B7011A9}.Debug|Any CPU.Build.0 = Debug|Any CPU
		{F1ED4A06-A80C-4817-85D6-05D85B7011A9}.Release|Any CPU.ActiveCfg = Release|Any CPU
		{F1ED4A06-A80C-4817-85D6-05D85B7011A9}.Release|Any CPU.Build.0 = Release|Any CPU
	EndGlobalSection
	GlobalSection(SolutionProperties) = preSolution
		HideSolutionNode = FALSE
	EndGlobalSection
EndGlobal
